// !$*UTF8*$!
{
	archiveVersion = 1;
	classes = {
	};
	objectVersion = 56;
	objects = {

/* Begin PBXBuildFile section */
		DB4D383B29E904FA007ACBDF /* Analysis.cpp in Sources */ = {isa = PBXBuildFile; fileRef = DB4D383929E904FA007ACBDF /* Analysis.cpp */; };
		DB4D383E29E90505007ACBDF /* Stats.cpp in Sources */ = {isa = PBXBuildFile; fileRef = DB4D383C29E90505007ACBDF /* Stats.cpp */; };
		DB4D384429E905CE007ACBDF /* Solver.cpp in Sources */ = {isa = PBXBuildFile; fileRef = DB4D384229E905CE007ACBDF /* Solver.cpp */; };
		DB4D384E29E9852C007ACBDF /* GeneratorFactory.cpp in Sources */ = {isa = PBXBuildFile; fileRef = DB4D384C29E9852C007ACBDF /* GeneratorFactory.cpp */; };
		DB4D385229E986A1007ACBDF /* RemoveRandomWallsGenerator.cpp in Sources */ = {isa = PBXBuildFile; fileRef = DB4D385029E986A1007ACBDF /* RemoveRandomWallsGenerator.cpp */; };
		DB4D385529E994AD007ACBDF /* VerticalPathBreaksGenerator.cpp in Sources */ = {isa = PBXBuildFile; fileRef = DB4D385329E994AD007ACBDF /* VerticalPathBreaksGenerator.cpp */; };
		DB4D385829E9E9A7007ACBDF /* Assessment.cpp in Sources */ = {isa = PBXBuildFile; fileRef = DB4D385629E9E9A7007ACBDF /* Assessment.cpp */; };
		DB4D385C29EA05DA007ACBDF /* ChainBurstGenerator.cpp in Sources */ = {isa = PBXBuildFile; fileRef = DB4D385A29EA05DA007ACBDF /* ChainBurstGenerator.cpp */; };
		DBB26BC129E8C56400C14D5B /* main.cpp in Sources */ = {isa = PBXBuildFile; fileRef = DBB26BC029E8C56400C14D5B /* main.cpp */; };
		DBB26BCA29E8C6A100C14D5B /* lodepng.cpp in Sources */ = {isa = PBXBuildFile; fileRef = DBB26BC929E8C6A100C14D5B /* lodepng.cpp */; };
		DBB26BCE29E8C86100C14D5B /* Maze.cpp in Sources */ = {isa = PBXBuildFile; fileRef = DBB26BCC29E8C86100C14D5B /* Maze.cpp */; };
		DBB26BD429E8CCB700C14D5B /* MazeToImage.cpp in Sources */ = {isa = PBXBuildFile; fileRef = DBB26BD229E8CCB700C14D5B /* MazeToImage.cpp */; };
		DBB26BD729E8CD2D00C14D5B /* Image.cpp in Sources */ = {isa = PBXBuildFile; fileRef = DBB26BD529E8CD2D00C14D5B /* Image.cpp */; };
		DBE7964E29EC89360049956A /* ThreadPool.cpp in Sources */ = {isa = PBXBuildFile; fileRef = DBE7964C29EC89320049956A /* ThreadPool.cpp */; };
		DBE7965429ECD3C40049956A /* FiftyFiftyGenerator.cpp in Sources */ = {isa = PBXBuildFile; fileRef = DBE7965229ECD3C40049956A /* FiftyFiftyGenerator.cpp */; };
		DBE7965C29ECDAF10049956A /* UtilityTests.mm in Sources */ = {isa = PBXBuildFile; fileRef = DBE7965B29ECDAF10049956A /* UtilityTests.mm */; };
		DBE7966D29ED5D470049956A /* CommandParser.cpp in Sources */ = {isa = PBXBuildFile; fileRef = DBE7966B29ED5D470049956A /* CommandParser.cpp */; };
/* End PBXBuildFile section */

/* Begin PBXCopyFilesBuildPhase section */
		DBB26BBB29E8C56400C14D5B /* CopyFiles */ = {
			isa = PBXCopyFilesBuildPhase;
			buildActionMask = 2147483647;
			dstPath = /usr/share/man/man1/;
			dstSubfolderSpec = 0;
			files = (
			);
			runOnlyForDeploymentPostprocessing = 1;
		};
/* End PBXCopyFilesBuildPhase section */

/* Begin PBXFileReference section */
		DB4A736729EA34CF00E3336A /* Utility.h */ = {isa = PBXFileReference; lastKnownFileType = sourcecode.c.h; path = Utility.h; sourceTree = "<group>"; };
		DB4D383929E904FA007ACBDF /* Analysis.cpp */ = {isa = PBXFileReference; lastKnownFileType = sourcecode.cpp.cpp; path = Analysis.cpp; sourceTree = "<group>"; };
		DB4D383A29E904FA007ACBDF /* Analysis.h */ = {isa = PBXFileReference; lastKnownFileType = sourcecode.c.h; path = Analysis.h; sourceTree = "<group>"; };
		DB4D383C29E90505007ACBDF /* Stats.cpp */ = {isa = PBXFileReference; lastKnownFileType = sourcecode.cpp.cpp; path = Stats.cpp; sourceTree = "<group>"; };
		DB4D383D29E90505007ACBDF /* Stats.h */ = {isa = PBXFileReference; lastKnownFileType = sourcecode.c.h; path = Stats.h; sourceTree = "<group>"; };
		DB4D384029E90565007ACBDF /* XY.h */ = {isa = PBXFileReference; lastKnownFileType = sourcecode.c.h; path = XY.h; sourceTree = "<group>"; };
		DB4D384229E905CE007ACBDF /* Solver.cpp */ = {isa = PBXFileReference; lastKnownFileType = sourcecode.cpp.cpp; path = Solver.cpp; sourceTree = "<group>"; };
		DB4D384329E905CE007ACBDF /* Solver.h */ = {isa = PBXFileReference; lastKnownFileType = sourcecode.c.h; path = Solver.h; sourceTree = "<group>"; };
		DB4D384929E91A0F007ACBDF /* MazeGenerator.h */ = {isa = PBXFileReference; lastKnownFileType = sourcecode.c.h; path = MazeGenerator.h; sourceTree = "<group>"; };
		DB4D384C29E9852C007ACBDF /* GeneratorFactory.cpp */ = {isa = PBXFileReference; lastKnownFileType = sourcecode.cpp.cpp; path = GeneratorFactory.cpp; sourceTree = "<group>"; };
		DB4D384D29E9852C007ACBDF /* GeneratorFactory.h */ = {isa = PBXFileReference; lastKnownFileType = sourcecode.c.h; path = GeneratorFactory.h; sourceTree = "<group>"; };
		DB4D384F29E98583007ACBDF /* MazeType.h */ = {isa = PBXFileReference; lastKnownFileType = sourcecode.c.h; path = MazeType.h; sourceTree = "<group>"; };
		DB4D385029E986A1007ACBDF /* RemoveRandomWallsGenerator.cpp */ = {isa = PBXFileReference; lastKnownFileType = sourcecode.cpp.cpp; path = RemoveRandomWallsGenerator.cpp; sourceTree = "<group>"; };
		DB4D385129E986A1007ACBDF /* RemoveRandomWallsGenerator.h */ = {isa = PBXFileReference; lastKnownFileType = sourcecode.c.h; path = RemoveRandomWallsGenerator.h; sourceTree = "<group>"; };
		DB4D385329E994AD007ACBDF /* VerticalPathBreaksGenerator.cpp */ = {isa = PBXFileReference; lastKnownFileType = sourcecode.cpp.cpp; path = VerticalPathBreaksGenerator.cpp; sourceTree = "<group>"; };
		DB4D385429E994AD007ACBDF /* VerticalPathBreaksGenerator.h */ = {isa = PBXFileReference; lastKnownFileType = sourcecode.c.h; path = VerticalPathBreaksGenerator.h; sourceTree = "<group>"; };
		DB4D385629E9E9A7007ACBDF /* Assessment.cpp */ = {isa = PBXFileReference; lastKnownFileType = sourcecode.cpp.cpp; path = Assessment.cpp; sourceTree = "<group>"; };
		DB4D385729E9E9A7007ACBDF /* Assessment.h */ = {isa = PBXFileReference; lastKnownFileType = sourcecode.c.h; path = Assessment.h; sourceTree = "<group>"; };
		DB4D385A29EA05DA007ACBDF /* ChainBurstGenerator.cpp */ = {isa = PBXFileReference; lastKnownFileType = sourcecode.cpp.cpp; path = ChainBurstGenerator.cpp; sourceTree = "<group>"; };
		DB4D385B29EA05DA007ACBDF /* ChainBurstGenerator.h */ = {isa = PBXFileReference; lastKnownFileType = sourcecode.c.h; path = ChainBurstGenerator.h; sourceTree = "<group>"; };
		DBB26BBD29E8C56400C14D5B /* maze */ = {isa = PBXFileReference; explicitFileType = "compiled.mach-o.executable"; includeInIndex = 0; path = maze; sourceTree = BUILT_PRODUCTS_DIR; };
		DBB26BC029E8C56400C14D5B /* main.cpp */ = {isa = PBXFileReference; lastKnownFileType = sourcecode.cpp.cpp; path = main.cpp; sourceTree = "<group>"; };
		DBB26BC829E8C69A00C14D5B /* lodepng.h */ = {isa = PBXFileReference; lastKnownFileType = sourcecode.c.h; path = lodepng.h; sourceTree = "<group>"; };
		DBB26BC929E8C6A100C14D5B /* lodepng.cpp */ = {isa = PBXFileReference; fileEncoding = 4; lastKnownFileType = sourcecode.cpp.cpp; path = lodepng.cpp; sourceTree = "<group>"; };
		DBB26BCC29E8C86100C14D5B /* Maze.cpp */ = {isa = PBXFileReference; lastKnownFileType = sourcecode.cpp.cpp; path = Maze.cpp; sourceTree = "<group>"; };
		DBB26BCD29E8C86100C14D5B /* Maze.h */ = {isa = PBXFileReference; lastKnownFileType = sourcecode.c.h; path = Maze.h; sourceTree = "<group>"; };
		DBB26BD229E8CCB700C14D5B /* MazeToImage.cpp */ = {isa = PBXFileReference; lastKnownFileType = sourcecode.cpp.cpp; path = MazeToImage.cpp; sourceTree = "<group>"; };
		DBB26BD329E8CCB700C14D5B /* MazeToImage.h */ = {isa = PBXFileReference; lastKnownFileType = sourcecode.c.h; path = MazeToImage.h; sourceTree = "<group>"; };
		DBB26BD529E8CD2D00C14D5B /* Image.cpp */ = {isa = PBXFileReference; lastKnownFileType = sourcecode.cpp.cpp; path = Image.cpp; sourceTree = "<group>"; };
		DBB26BD629E8CD2D00C14D5B /* Image.h */ = {isa = PBXFileReference; lastKnownFileType = sourcecode.c.h; path = Image.h; sourceTree = "<group>"; };
		DBE7964C29EC89320049956A /* ThreadPool.cpp */ = {isa = PBXFileReference; lastKnownFileType = sourcecode.cpp.cpp; path = ThreadPool.cpp; sourceTree = "<group>"; };
		DBE7964D29EC89320049956A /* ThreadPool.h */ = {isa = PBXFileReference; lastKnownFileType = sourcecode.c.h; path = ThreadPool.h; sourceTree = "<group>"; };
		DBE7965029EC8D190049956A /* ThreadUtility.h */ = {isa = PBXFileReference; lastKnownFileType = sourcecode.c.h; path = ThreadUtility.h; sourceTree = "<group>"; };
		DBE7965129ECCAF80049956A /* GeneratedMaze.h */ = {isa = PBXFileReference; lastKnownFileType = sourcecode.c.h; path = GeneratedMaze.h; sourceTree = "<group>"; };
		DBE7965229ECD3C40049956A /* FiftyFiftyGenerator.cpp */ = {isa = PBXFileReference; lastKnownFileType = sourcecode.cpp.cpp; path = FiftyFiftyGenerator.cpp; sourceTree = "<group>"; };
		DBE7965329ECD3C40049956A /* FiftyFiftyGenerator.h */ = {isa = PBXFileReference; lastKnownFileType = sourcecode.c.h; path = FiftyFiftyGenerator.h; sourceTree = "<group>"; };
		DBE7965929ECDAF10049956A /* MazeTests.xctest */ = {isa = PBXFileReference; explicitFileType = wrapper.cfbundle; includeInIndex = 0; path = MazeTests.xctest; sourceTree = BUILT_PRODUCTS_DIR; };
		DBE7965B29ECDAF10049956A /* UtilityTests.mm */ = {isa = PBXFileReference; lastKnownFileType = sourcecode.cpp.objcpp; path = UtilityTests.mm; sourceTree = "<group>"; };
		DBE7966629ED5ACC0049956A /* Command.h */ = {isa = PBXFileReference; lastKnownFileType = sourcecode.c.h; path = Command.h; sourceTree = "<group>"; };
		DBE7966929ED5CDE0049956A /* CommandDefinition.h */ = {isa = PBXFileReference; lastKnownFileType = sourcecode.c.h; path = CommandDefinition.h; sourceTree = "<group>"; };
		DBE7966B29ED5D470049956A /* CommandParser.cpp */ = {isa = PBXFileReference; lastKnownFileType = sourcecode.cpp.cpp; path = CommandParser.cpp; sourceTree = "<group>"; };
		DBE7966C29ED5D470049956A /* CommandParser.h */ = {isa = PBXFileReference; lastKnownFileType = sourcecode.c.h; path = CommandParser.h; sourceTree = "<group>"; };
/* End PBXFileReference section */

/* Begin PBXFrameworksBuildPhase section */
		DBB26BBA29E8C56400C14D5B /* Frameworks */ = {
			isa = PBXFrameworksBuildPhase;
			buildActionMask = 2147483647;
			files = (
			);
			runOnlyForDeploymentPostprocessing = 0;
		};
		DBE7965629ECDAF10049956A /* Frameworks */ = {
			isa = PBXFrameworksBuildPhase;
			buildActionMask = 2147483647;
			files = (
			);
			runOnlyForDeploymentPostprocessing = 0;
		};
/* End PBXFrameworksBuildPhase section */

/* Begin PBXGroup section */
		DB4D384B29E984D2007ACBDF /* generation */ = {
			isa = PBXGroup;
			children = (
				DB4D385A29EA05DA007ACBDF /* ChainBurstGenerator.cpp */,
				DB4D385B29EA05DA007ACBDF /* ChainBurstGenerator.h */,
				DBE7965229ECD3C40049956A /* FiftyFiftyGenerator.cpp */,
				DBE7965329ECD3C40049956A /* FiftyFiftyGenerator.h */,
				DBE7965129ECCAF80049956A /* GeneratedMaze.h */,
				DB4D384C29E9852C007ACBDF /* GeneratorFactory.cpp */,
				DB4D384D29E9852C007ACBDF /* GeneratorFactory.h */,
				DB4D384929E91A0F007ACBDF /* MazeGenerator.h */,
				DB4D385029E986A1007ACBDF /* RemoveRandomWallsGenerator.cpp */,
				DB4D385129E986A1007ACBDF /* RemoveRandomWallsGenerator.h */,
				DB4D385329E994AD007ACBDF /* VerticalPathBreaksGenerator.cpp */,
				DB4D385429E994AD007ACBDF /* VerticalPathBreaksGenerator.h */,
			);
			path = generation;
			sourceTree = "<group>";
		};
		DBB26BB429E8C56400C14D5B = {
			isa = PBXGroup;
			children = (
				DBB26BBF29E8C56400C14D5B /* Maze */,
				DBE7965A29ECDAF10049956A /* MazeTests */,
				DBB26BBE29E8C56400C14D5B /* Products */,
			);
			sourceTree = "<group>";
		};
		DBB26BBE29E8C56400C14D5B /* Products */ = {
			isa = PBXGroup;
			children = (
				DBB26BBD29E8C56400C14D5B /* maze */,
				DBE7965929ECDAF10049956A /* MazeTests.xctest */,
			);
			name = Products;
			sourceTree = "<group>";
		};
		DBB26BBF29E8C56400C14D5B /* Maze */ = {
			isa = PBXGroup;
			children = (
				DBE7966029ED59820049956A /* analysis */,
				DBE7966429ED5A810049956A /* commandline */,
				DBE7966229ED5A250049956A /* data */,
				DB4D384B29E984D2007ACBDF /* generation */,
				DBE7966329ED5A3D0049956A /* threading */,
				DBE7966129ED59CE0049956A /* visualization */,
				DBB26BC029E8C56400C14D5B /* main.cpp */,
				DB4A736729EA34CF00E3336A /* Utility.h */,
			);
			path = Maze;
			sourceTree = "<group>";
		};
		DBE7965A29ECDAF10049956A /* MazeTests */ = {
			isa = PBXGroup;
			children = (
				DBE7965B29ECDAF10049956A /* UtilityTests.mm */,
			);
			path = MazeTests;
			sourceTree = "<group>";
		};
		DBE7966029ED59820049956A /* analysis */ = {
			isa = PBXGroup;
			children = (
				DB4D383929E904FA007ACBDF /* Analysis.cpp */,
				DB4D383A29E904FA007ACBDF /* Analysis.h */,
				DB4D385629E9E9A7007ACBDF /* Assessment.cpp */,
				DB4D385729E9E9A7007ACBDF /* Assessment.h */,
				DB4D384229E905CE007ACBDF /* Solver.cpp */,
				DB4D384329E905CE007ACBDF /* Solver.h */,
				DB4D383C29E90505007ACBDF /* Stats.cpp */,
				DB4D383D29E90505007ACBDF /* Stats.h */,
			);
			path = analysis;
			sourceTree = "<group>";
		};
		DBE7966129ED59CE0049956A /* visualization */ = {
			isa = PBXGroup;
			children = (
				DBB26BD529E8CD2D00C14D5B /* Image.cpp */,
				DBB26BD629E8CD2D00C14D5B /* Image.h */,
				DBB26BC829E8C69A00C14D5B /* lodepng.h */,
				DBB26BC929E8C6A100C14D5B /* lodepng.cpp */,
				DBB26BD229E8CCB700C14D5B /* MazeToImage.cpp */,
				DBB26BD329E8CCB700C14D5B /* MazeToImage.h */,
			);
			path = visualization;
			sourceTree = "<group>";
		};
		DBE7966229ED5A250049956A /* data */ = {
			isa = PBXGroup;
			children = (
				DBB26BCC29E8C86100C14D5B /* Maze.cpp */,
				DBB26BCD29E8C86100C14D5B /* Maze.h */,
				DB4D384F29E98583007ACBDF /* MazeType.h */,
				DB4D384029E90565007ACBDF /* XY.h */,
			);
			path = data;
			sourceTree = "<group>";
		};
		DBE7966329ED5A3D0049956A /* threading */ = {
			isa = PBXGroup;
			children = (
				DBE7964C29EC89320049956A /* ThreadPool.cpp */,
				DBE7964D29EC89320049956A /* ThreadPool.h */,
				DBE7965029EC8D190049956A /* ThreadUtility.h */,
			);
			path = threading;
			sourceTree = "<group>";
		};
		DBE7966429ED5A810049956A /* commandline */ = {
			isa = PBXGroup;
			children = (
				DBE7966629ED5ACC0049956A /* Command.h */,
				DBE7966929ED5CDE0049956A /* CommandDefinition.h */,
				DBE7966B29ED5D470049956A /* CommandParser.cpp */,
				DBE7966C29ED5D470049956A /* CommandParser.h */,
			);
			path = commandline;
			sourceTree = "<group>";
		};
/* End PBXGroup section */

/* Begin PBXNativeTarget section */
		DBB26BBC29E8C56400C14D5B /* maze */ = {
			isa = PBXNativeTarget;
			buildConfigurationList = DBB26BC429E8C56400C14D5B /* Build configuration list for PBXNativeTarget "maze" */;
			buildPhases = (
				DBB26BB929E8C56400C14D5B /* Sources */,
				DBB26BBA29E8C56400C14D5B /* Frameworks */,
				DBB26BBB29E8C56400C14D5B /* CopyFiles */,
			);
			buildRules = (
			);
			dependencies = (
			);
			name = maze;
			productName = Maze;
			productReference = DBB26BBD29E8C56400C14D5B /* maze */;
			productType = "com.apple.product-type.tool";
		};
		DBE7965829ECDAF10049956A /* MazeTests */ = {
			isa = PBXNativeTarget;
			buildConfigurationList = DBE7965D29ECDAF10049956A /* Build configuration list for PBXNativeTarget "MazeTests" */;
			buildPhases = (
				DBE7965529ECDAF10049956A /* Sources */,
				DBE7965629ECDAF10049956A /* Frameworks */,
				DBE7965729ECDAF10049956A /* Resources */,
			);
			buildRules = (
			);
			dependencies = (
			);
			name = MazeTests;
			productName = MazeTests;
			productReference = DBE7965929ECDAF10049956A /* MazeTests.xctest */;
			productType = "com.apple.product-type.bundle.unit-test";
		};
/* End PBXNativeTarget section */

/* Begin PBXProject section */
		DBB26BB529E8C56400C14D5B /* Project object */ = {
			isa = PBXProject;
			attributes = {
				BuildIndependentTargetsInParallel = 1;
				LastUpgradeCheck = 1420;
				TargetAttributes = {
					DBB26BBC29E8C56400C14D5B = {
						CreatedOnToolsVersion = 14.2;
					};
					DBE7965829ECDAF10049956A = {
						CreatedOnToolsVersion = 14.2;
					};
				};
			};
			buildConfigurationList = DBB26BB829E8C56400C14D5B /* Build configuration list for PBXProject "Maze" */;
			compatibilityVersion = "Xcode 14.0";
			developmentRegion = en;
			hasScannedForEncodings = 0;
			knownRegions = (
				en,
				Base,
			);
			mainGroup = DBB26BB429E8C56400C14D5B;
			productRefGroup = DBB26BBE29E8C56400C14D5B /* Products */;
			projectDirPath = "";
			projectRoot = "";
			targets = (
				DBB26BBC29E8C56400C14D5B /* maze */,
				DBE7965829ECDAF10049956A /* MazeTests */,
			);
		};
/* End PBXProject section */

/* Begin PBXResourcesBuildPhase section */
		DBE7965729ECDAF10049956A /* Resources */ = {
			isa = PBXResourcesBuildPhase;
			buildActionMask = 2147483647;
			files = (
			);
			runOnlyForDeploymentPostprocessing = 0;
		};
/* End PBXResourcesBuildPhase section */

/* Begin PBXSourcesBuildPhase section */
		DBB26BB929E8C56400C14D5B /* Sources */ = {
			isa = PBXSourcesBuildPhase;
			buildActionMask = 2147483647;
			files = (
				DBB26BC129E8C56400C14D5B /* main.cpp in Sources */,
				DB4D383E29E90505007ACBDF /* Stats.cpp in Sources */,
				DBB26BCA29E8C6A100C14D5B /* lodepng.cpp in Sources */,
				DBB26BD729E8CD2D00C14D5B /* Image.cpp in Sources */,
				DB4D383B29E904FA007ACBDF /* Analysis.cpp in Sources */,
				DB4D385829E9E9A7007ACBDF /* Assessment.cpp in Sources */,
				DBB26BCE29E8C86100C14D5B /* Maze.cpp in Sources */,
				DB4D384E29E9852C007ACBDF /* GeneratorFactory.cpp in Sources */,
				DBE7965429ECD3C40049956A /* FiftyFiftyGenerator.cpp in Sources */,
				DBE7966D29ED5D470049956A /* CommandParser.cpp in Sources */,
				DB4D385229E986A1007ACBDF /* RemoveRandomWallsGenerator.cpp in Sources */,
				DB4D384429E905CE007ACBDF /* Solver.cpp in Sources */,
				DB4D385529E994AD007ACBDF /* VerticalPathBreaksGenerator.cpp in Sources */,
				DBE7964E29EC89360049956A /* ThreadPool.cpp in Sources */,
				DB4D385C29EA05DA007ACBDF /* ChainBurstGenerator.cpp in Sources */,
				DBB26BD429E8CCB700C14D5B /* MazeToImage.cpp in Sources */,
			);
			runOnlyForDeploymentPostprocessing = 0;
		};
		DBE7965529ECDAF10049956A /* Sources */ = {
			isa = PBXSourcesBuildPhase;
			buildActionMask = 2147483647;
			files = (
				DBE7965C29ECDAF10049956A /* UtilityTests.mm in Sources */,
			);
			runOnlyForDeploymentPostprocessing = 0;
		};
/* End PBXSourcesBuildPhase section */

/* Begin XCBuildConfiguration section */
		DBB26BC229E8C56400C14D5B /* Debug */ = {
			isa = XCBuildConfiguration;
			buildSettings = {
				ALWAYS_SEARCH_USER_PATHS = NO;
				CLANG_ANALYZER_NONNULL = YES;
				CLANG_ANALYZER_NUMBER_OBJECT_CONVERSION = YES_AGGRESSIVE;
				CLANG_CXX_LANGUAGE_STANDARD = "gnu++20";
				CLANG_ENABLE_MODULES = YES;
				CLANG_ENABLE_OBJC_ARC = YES;
				CLANG_ENABLE_OBJC_WEAK = YES;
				CLANG_WARN_BLOCK_CAPTURE_AUTORELEASING = YES;
				CLANG_WARN_BOOL_CONVERSION = YES;
				CLANG_WARN_COMMA = YES;
				CLANG_WARN_CONSTANT_CONVERSION = YES;
				CLANG_WARN_DEPRECATED_OBJC_IMPLEMENTATIONS = YES;
				CLANG_WARN_DIRECT_OBJC_ISA_USAGE = YES_ERROR;
				CLANG_WARN_DOCUMENTATION_COMMENTS = YES;
				CLANG_WARN_EMPTY_BODY = YES;
				CLANG_WARN_ENUM_CONVERSION = YES;
				CLANG_WARN_INFINITE_RECURSION = YES;
				CLANG_WARN_INT_CONVERSION = YES;
				CLANG_WARN_NON_LITERAL_NULL_CONVERSION = YES;
				CLANG_WARN_OBJC_IMPLICIT_RETAIN_SELF = YES;
				CLANG_WARN_OBJC_LITERAL_CONVERSION = YES;
				CLANG_WARN_OBJC_ROOT_CLASS = YES_ERROR;
				CLANG_WARN_QUOTED_INCLUDE_IN_FRAMEWORK_HEADER = YES;
				CLANG_WARN_RANGE_LOOP_ANALYSIS = YES;
				CLANG_WARN_STRICT_PROTOTYPES = YES;
				CLANG_WARN_SUSPICIOUS_MOVE = YES;
				CLANG_WARN_UNGUARDED_AVAILABILITY = YES_AGGRESSIVE;
				CLANG_WARN_UNREACHABLE_CODE = YES;
				CLANG_WARN__DUPLICATE_METHOD_MATCH = YES;
				COPY_PHASE_STRIP = NO;
				DEBUG_INFORMATION_FORMAT = dwarf;
				ENABLE_STRICT_OBJC_MSGSEND = YES;
				ENABLE_TESTABILITY = YES;
				GCC_C_LANGUAGE_STANDARD = gnu11;
				GCC_DYNAMIC_NO_PIC = NO;
				GCC_NO_COMMON_BLOCKS = YES;
				GCC_OPTIMIZATION_LEVEL = 0;
				GCC_PREPROCESSOR_DEFINITIONS = (
					"DEBUG=1",
					"$(inherited)",
				);
				GCC_WARN_64_TO_32_BIT_CONVERSION = YES;
				GCC_WARN_ABOUT_RETURN_TYPE = YES_ERROR;
				GCC_WARN_UNDECLARED_SELECTOR = YES;
				GCC_WARN_UNINITIALIZED_AUTOS = YES_AGGRESSIVE;
				GCC_WARN_UNUSED_FUNCTION = YES;
				GCC_WARN_UNUSED_VARIABLE = YES;
				MACOSX_DEPLOYMENT_TARGET = 13.1;
				MTL_ENABLE_DEBUG_INFO = INCLUDE_SOURCE;
				MTL_FAST_MATH = YES;
				ONLY_ACTIVE_ARCH = YES;
				SDKROOT = macosx;
			};
			name = Debug;
		};
		DBB26BC329E8C56400C14D5B /* Release */ = {
			isa = XCBuildConfiguration;
			buildSettings = {
				ALWAYS_SEARCH_USER_PATHS = NO;
				CLANG_ANALYZER_NONNULL = YES;
				CLANG_ANALYZER_NUMBER_OBJECT_CONVERSION = YES_AGGRESSIVE;
				CLANG_CXX_LANGUAGE_STANDARD = "gnu++20";
				CLANG_ENABLE_MODULES = YES;
				CLANG_ENABLE_OBJC_ARC = YES;
				CLANG_ENABLE_OBJC_WEAK = YES;
				CLANG_WARN_BLOCK_CAPTURE_AUTORELEASING = YES;
				CLANG_WARN_BOOL_CONVERSION = YES;
				CLANG_WARN_COMMA = YES;
				CLANG_WARN_CONSTANT_CONVERSION = YES;
				CLANG_WARN_DEPRECATED_OBJC_IMPLEMENTATIONS = YES;
				CLANG_WARN_DIRECT_OBJC_ISA_USAGE = YES_ERROR;
				CLANG_WARN_DOCUMENTATION_COMMENTS = YES;
				CLANG_WARN_EMPTY_BODY = YES;
				CLANG_WARN_ENUM_CONVERSION = YES;
				CLANG_WARN_INFINITE_RECURSION = YES;
				CLANG_WARN_INT_CONVERSION = YES;
				CLANG_WARN_NON_LITERAL_NULL_CONVERSION = YES;
				CLANG_WARN_OBJC_IMPLICIT_RETAIN_SELF = YES;
				CLANG_WARN_OBJC_LITERAL_CONVERSION = YES;
				CLANG_WARN_OBJC_ROOT_CLASS = YES_ERROR;
				CLANG_WARN_QUOTED_INCLUDE_IN_FRAMEWORK_HEADER = YES;
				CLANG_WARN_RANGE_LOOP_ANALYSIS = YES;
				CLANG_WARN_STRICT_PROTOTYPES = YES;
				CLANG_WARN_SUSPICIOUS_MOVE = YES;
				CLANG_WARN_UNGUARDED_AVAILABILITY = YES_AGGRESSIVE;
				CLANG_WARN_UNREACHABLE_CODE = YES;
				CLANG_WARN__DUPLICATE_METHOD_MATCH = YES;
				COPY_PHASE_STRIP = NO;
				DEBUG_INFORMATION_FORMAT = "dwarf-with-dsym";
				ENABLE_NS_ASSERTIONS = NO;
				ENABLE_STRICT_OBJC_MSGSEND = YES;
				GCC_C_LANGUAGE_STANDARD = gnu11;
				GCC_NO_COMMON_BLOCKS = YES;
				GCC_WARN_64_TO_32_BIT_CONVERSION = YES;
				GCC_WARN_ABOUT_RETURN_TYPE = YES_ERROR;
				GCC_WARN_UNDECLARED_SELECTOR = YES;
				GCC_WARN_UNINITIALIZED_AUTOS = YES_AGGRESSIVE;
				GCC_WARN_UNUSED_FUNCTION = YES;
				GCC_WARN_UNUSED_VARIABLE = YES;
				MACOSX_DEPLOYMENT_TARGET = 13.1;
				MTL_ENABLE_DEBUG_INFO = NO;
				MTL_FAST_MATH = YES;
				SDKROOT = macosx;
			};
			name = Release;
		};
		DBB26BC529E8C56400C14D5B /* Debug */ = {
			isa = XCBuildConfiguration;
			buildSettings = {
				CODE_SIGN_STYLE = Automatic;
				DEVELOPMENT_TEAM = F9S72MW8RJ;
				ENABLE_HARDENED_RUNTIME = YES;
				INFOPLIST_FILE = "$(SRCROOT)/Maze/Info.plist";
				PRODUCT_BUNDLE_IDENTIFIER = com.johnkooistra.maze;
				PRODUCT_NAME = "$(TARGET_NAME)";
			};
			name = Debug;
		};
		DBB26BC629E8C56400C14D5B /* Release */ = {
			isa = XCBuildConfiguration;
			buildSettings = {
				CODE_SIGN_STYLE = Automatic;
				DEVELOPMENT_TEAM = F9S72MW8RJ;
				ENABLE_HARDENED_RUNTIME = YES;
				INFOPLIST_FILE = "$(SRCROOT)/Maze/Info.plist";
				PRODUCT_BUNDLE_IDENTIFIER = com.johnkooistra.maze;
				PRODUCT_NAME = "$(TARGET_NAME)";
			};
			name = Release;
		};
		DBE7965E29ECDAF10049956A /* Debug */ = {
			isa = XCBuildConfiguration;
			buildSettings = {
				CODE_SIGN_STYLE = Automatic;
				CURRENT_PROJECT_VERSION = 1;
				DEVELOPMENT_TEAM = F9S72MW8RJ;
				GENERATE_INFOPLIST_FILE = YES;
				MARKETING_VERSION = 1.0;
				PRODUCT_BUNDLE_IDENTIFIER = com.catinabox.MazeTests;
				PRODUCT_NAME = "$(TARGET_NAME)";
				SWIFT_EMIT_LOC_STRINGS = NO;
			};
			name = Debug;
		};
		DBE7965F29ECDAF10049956A /* Release */ = {
			isa = XCBuildConfiguration;
			buildSettings = {
				CODE_SIGN_STYLE = Automatic;
				CURRENT_PROJECT_VERSION = 1;
				DEVELOPMENT_TEAM = F9S72MW8RJ;
				GENERATE_INFOPLIST_FILE = YES;
				MARKETING_VERSION = 1.0;
				PRODUCT_BUNDLE_IDENTIFIER = com.catinabox.MazeTests;
				PRODUCT_NAME = "$(TARGET_NAME)";
				SWIFT_EMIT_LOC_STRINGS = NO;
			};
			name = Release;
		};
/* End XCBuildConfiguration section */

/* Begin XCConfigurationList section */
		DBB26BB829E8C56400C14D5B /* Build configuration list for PBXProject "Maze" */ = {
			isa = XCConfigurationList;
			buildConfigurations = (
				DBB26BC229E8C56400C14D5B /* Debug */,
				DBB26BC329E8C56400C14D5B /* Release */,
			);
			defaultConfigurationIsVisible = 0;
			defaultConfigurationName = Release;
		};
		DBB26BC429E8C56400C14D5B /* Build configuration list for PBXNativeTarget "maze" */ = {
			isa = XCConfigurationList;
			buildConfigurations = (
				DBB26BC529E8C56400C14D5B /* Debug */,
				DBB26BC629E8C56400C14D5B /* Release */,
			);
			defaultConfigurationIsVisible = 0;
			defaultConfigurationName = Release;
		};
		DBE7965D29ECDAF10049956A /* Build configuration list for PBXNativeTarget "MazeTests" */ = {
			isa = XCConfigurationList;
			buildConfigurations = (
				DBE7965E29ECDAF10049956A /* Debug */,
				DBE7965F29ECDAF10049956A /* Release */,
			);
			defaultConfigurationIsVisible = 0;
			defaultConfigurationName = Release;
		};
/* End XCConfigurationList section */
	};
	rootObject = DBB26BB529E8C56400C14D5B /* Project object */;
}
